
Microsoft Visual Studio Solution File, Format Version 12.00
# Visual Studio Version 16
VisualStudioVersion = 16.0.31129.286
MinimumVisualStudioVersion = 10.0.40219.1
Project("{FAE04EC0-301F-11D3-BF4B-00C04F79EFBC}") = "Cyber-353-Project", "Cyber-353-Project\Cyber-353-Project.csproj", "{3F2DD2FF-757D-49A6-A65C-5167D26F0262}"
EndProject
Global
	GlobalSection(SolutionConfigurationPlatforms) = preSolution
		Debug|Any CPU = Debug|Any CPU
		Release|Any CPU = Release|Any CPU
	EndGlobalSection
	GlobalSection(ProjectConfigurationPlatforms) = postSolution
		{3F2DD2FF-757D-49A6-A65C-5167D26F0262}.Debug|Any CPU.ActiveCfg = Debug|Any CPU
		{3F2DD2FF-757D-49A6-A65C-5167D26F0262}.Debug|Any CPU.Build.0 = Debug|Any CPU
		{3F2DD2FF-757D-49A6-A65C-5167D26F0262}.Release|Any CPU.ActiveCfg = Release|Any CPU
		{3F2DD2FF-757D-49A6-A65C-5167D26F0262}.Release|Any CPU.Build.0 = Release|Any CPU
	EndGlobalSection
	GlobalSection(SolutionProperties) = preSolution
		HideSolutionNode = FALSE
	EndGlobalSection
	GlobalSection(ExtensibilityGlobals) = postSolution
		SolutionGuid = {96021BF6-51C4-459B-927A-D4D19B78BDCF}
	EndGlobalSection
EndGlobal
